# THIS IS AN AUTOGENERATED FILE. DO NOT EDIT THIS FILE DIRECTLY.
# yarn lockfile v1


web-vitals@^3.0.1:
  version "3.0.1"
  resolved "https://registry.yarnpkg.com/web-vitals/-/web-vitals-3.0.1.tgz#7129668af2d1598ff4a574535a46b1432af337c8"
  integrity sha512-n8LgBynM5BU4C8ZMiTWPu6zbv31AfPnuNXEjWClvPWD5g8h2WkcecR0EtAiQaiMcj1iG0LADyHndR+MKYu5Zog==
